
Microsoft Visual Studio Solution File, Format Version 12.00
# Visual Studio Version 16
VisualStudioVersion = 16.0.32929.386
MinimumVisualStudioVersion = 10.0.40219.1
Project("{FAE04EC0-301F-11D3-BF4B-00C04F79EFBC}") = "c-array-kullanimi", "c-array-kullanimi\c-array-kullanimi.csproj", "{079EA4FB-6882-4E77-9CEA-7CAAD28A8391}"
EndProject
Global
	GlobalSection(SolutionConfigurationPlatforms) = preSolution
		Debug|Any CPU = Debug|Any CPU
		Release|Any CPU = Release|Any CPU
	EndGlobalSection
	GlobalSection(ProjectConfigurationPlatforms) = postSolution
		{079EA4FB-6882-4E77-9CEA-7CAAD28A8391}.Debug|Any CPU.ActiveCfg = Debug|Any CPU
		{079EA4FB-6882-4E77-9CEA-7CAAD28A8391}.Debug|Any CPU.Build.0 = Debug|Any CPU
		{079EA4FB-6882-4E77-9CEA-7CAAD28A8391}.Release|Any CPU.ActiveCfg = Release|Any CPU
		{079EA4FB-6882-4E77-9CEA-7CAAD28A8391}.Release|Any CPU.Build.0 = Release|Any CPU
	EndGlobalSection
	GlobalSection(SolutionProperties) = preSolution
		HideSolutionNode = FALSE
	EndGlobalSection
	GlobalSection(ExtensibilityGlobals) = postSolution
		SolutionGuid = {206FDFDB-01E8-44DB-836B-6233CDFDA955}
	EndGlobalSection
EndGlobal
