
Microsoft Visual Studio Solution File, Format Version 12.00
# Visual Studio Version 16
VisualStudioVersion = 16.0.32929.386
MinimumVisualStudioVersion = 10.0.40219.1
Project("{FAE04EC0-301F-11D3-BF4B-00C04F79EFBC}") = "class-kullanimi-2", "class-kullanimi-2\class-kullanimi-2.csproj", "{B1C9CD04-CB3E-4CC5-AE25-AF1ED414C46B}"
EndProject
Global
	GlobalSection(SolutionConfigurationPlatforms) = preSolution
		Debug|Any CPU = Debug|Any CPU
		Release|Any CPU = Release|Any CPU
	EndGlobalSection
	GlobalSection(ProjectConfigurationPlatforms) = postSolution
		{B1C9CD04-CB3E-4CC5-AE25-AF1ED414C46B}.Debug|Any CPU.ActiveCfg = Debug|Any CPU
		{B1C9CD04-CB3E-4CC5-AE25-AF1ED414C46B}.Debug|Any CPU.Build.0 = Debug|Any CPU
		{B1C9CD04-CB3E-4CC5-AE25-AF1ED414C46B}.Release|Any CPU.ActiveCfg = Release|Any CPU
		{B1C9CD04-CB3E-4CC5-AE25-AF1ED414C46B}.Release|Any CPU.Build.0 = Release|Any CPU
	EndGlobalSection
	GlobalSection(SolutionProperties) = preSolution
		HideSolutionNode = FALSE
	EndGlobalSection
	GlobalSection(ExtensibilityGlobals) = postSolution
		SolutionGuid = {E78E3FC1-EC55-4E78-840A-8DC6EABF70F7}
	EndGlobalSection
EndGlobal
