
Microsoft Visual Studio Solution File, Format Version 12.00
# Visual Studio Version 16
VisualStudioVersion = 16.0.32929.386
MinimumVisualStudioVersion = 10.0.40219.1
Project("{FAE04EC0-301F-11D3-BF4B-00C04F79EFBC}") = "net-hesaplama", "net-hesaplama\net-hesaplama.csproj", "{8959A91A-4091-4200-B7EC-3899E9121810}"
EndProject
Global
	GlobalSection(SolutionConfigurationPlatforms) = preSolution
		Debug|Any CPU = Debug|Any CPU
		Release|Any CPU = Release|Any CPU
	EndGlobalSection
	GlobalSection(ProjectConfigurationPlatforms) = postSolution
		{8959A91A-4091-4200-B7EC-3899E9121810}.Debug|Any CPU.ActiveCfg = Debug|Any CPU
		{8959A91A-4091-4200-B7EC-3899E9121810}.Debug|Any CPU.Build.0 = Debug|Any CPU
		{8959A91A-4091-4200-B7EC-3899E9121810}.Release|Any CPU.ActiveCfg = Release|Any CPU
		{8959A91A-4091-4200-B7EC-3899E9121810}.Release|Any CPU.Build.0 = Release|Any CPU
	EndGlobalSection
	GlobalSection(SolutionProperties) = preSolution
		HideSolutionNode = FALSE
	EndGlobalSection
	GlobalSection(ExtensibilityGlobals) = postSolution
		SolutionGuid = {ABD81088-4175-4970-BF74-BE797EB74A65}
	EndGlobalSection
EndGlobal
