
Microsoft Visual Studio Solution File, Format Version 12.00
# Visual Studio Version 16
VisualStudioVersion = 16.0.33214.272
MinimumVisualStudioVersion = 10.0.40219.1
Project("{FAE04EC0-301F-11D3-BF4B-00C04F79EFBC}") = "kollesiyonlar-1", "kollesiyonlar-1\kollesiyonlar-1.csproj", "{7FD9E874-135A-4419-A5C0-D68495B3843D}"
EndProject
Global
	GlobalSection(SolutionConfigurationPlatforms) = preSolution
		Debug|Any CPU = Debug|Any CPU
		Release|Any CPU = Release|Any CPU
	EndGlobalSection
	GlobalSection(ProjectConfigurationPlatforms) = postSolution
		{7FD9E874-135A-4419-A5C0-D68495B3843D}.Debug|Any CPU.ActiveCfg = Debug|Any CPU
		{7FD9E874-135A-4419-A5C0-D68495B3843D}.Debug|Any CPU.Build.0 = Debug|Any CPU
		{7FD9E874-135A-4419-A5C0-D68495B3843D}.Release|Any CPU.ActiveCfg = Release|Any CPU
		{7FD9E874-135A-4419-A5C0-D68495B3843D}.Release|Any CPU.Build.0 = Release|Any CPU
	EndGlobalSection
	GlobalSection(SolutionProperties) = preSolution
		HideSolutionNode = FALSE
	EndGlobalSection
	GlobalSection(ExtensibilityGlobals) = postSolution
		SolutionGuid = {9DECBB47-452B-4FA9-8DD4-E2AF3A2E3614}
	EndGlobalSection
EndGlobal
